// !$*UTF8*$!
{
	archiveVersion = 1;
	classes = {
	};
	objectVersion = 48;
	objects = {

/* Begin PBXBuildFile section */
		83586FF7205DFE7800160371 /* AppDelegate.swift in Sources */ = {isa = PBXBuildFile; fileRef = 83586FF6205DFE7800160371 /* AppDelegate.swift */; };
		83586FF9205DFE7800160371 /* DocumentBrowserViewController.swift in Sources */ = {isa = PBXBuildFile; fileRef = 83586FF8205DFE7800160371 /* DocumentBrowserViewController.swift */; };
		83586FFD205DFE7800160371 /* EmojiArtDocument.swift in Sources */ = {isa = PBXBuildFile; fileRef = 83586FFC205DFE7800160371 /* EmojiArtDocument.swift */; };
		83587000205DFE7800160371 /* Main.storyboard in Resources */ = {isa = PBXBuildFile; fileRef = 83586FFE205DFE7800160371 /* Main.storyboard */; };
		83587002205DFE7800160371 /* Assets.xcassets in Resources */ = {isa = PBXBuildFile; fileRef = 83587001205DFE7800160371 /* Assets.xcassets */; };
		83587005205DFE7800160371 /* LaunchScreen.storyboard in Resources */ = {isa = PBXBuildFile; fileRef = 83587003205DFE7800160371 /* LaunchScreen.storyboard */; };
		83587013205E00E200160371 /* Utilities.swift in Sources */ = {isa = PBXBuildFile; fileRef = 8358700D205E00E200160371 /* Utilities.swift */; };
		83587014205E00E200160371 /* EmojiArtView.swift in Sources */ = {isa = PBXBuildFile; fileRef = 8358700E205E00E200160371 /* EmojiArtView.swift */; };
		83587015205E00E200160371 /* EmojiViewController.swift in Sources */ = {isa = PBXBuildFile; fileRef = 8358700F205E00E200160371 /* EmojiViewController.swift */; };
		83587016205E00E200160371 /* EmojiCollectionViewCell.swift in Sources */ = {isa = PBXBuildFile; fileRef = 83587010205E00E200160371 /* EmojiCollectionViewCell.swift */; };
		83587017205E00E200160371 /* EmojiArt.swift in Sources */ = {isa = PBXBuildFile; fileRef = 83587011205E00E200160371 /* EmojiArt.swift */; };
		83587018205E00E200160371 /* TextFieldCollectionViewCell.swift in Sources */ = {isa = PBXBuildFile; fileRef = 83587012205E00E200160371 /* TextFieldCollectionViewCell.swift */; };
/* End PBXBuildFile section */

/* Begin PBXFileReference section */
		83586FF3205DFE7800160371 /* EmojiArtNew.app */ = {isa = PBXFileReference; explicitFileType = wrapper.application; includeInIndex = 0; path = EmojiArtNew.app; sourceTree = BUILT_PRODUCTS_DIR; };
		83586FF6205DFE7800160371 /* AppDelegate.swift */ = {isa = PBXFileReference; lastKnownFileType = sourcecode.swift; path = AppDelegate.swift; sourceTree = "<group>"; };
		83586FF8205DFE7800160371 /* DocumentBrowserViewController.swift */ = {isa = PBXFileReference; lastKnownFileType = sourcecode.swift; path = DocumentBrowserViewController.swift; sourceTree = "<group>"; };
		83586FFC205DFE7800160371 /* EmojiArtDocument.swift */ = {isa = PBXFileReference; lastKnownFileType = sourcecode.swift; path = EmojiArtDocument.swift; sourceTree = "<group>"; };
		83586FFF205DFE7800160371 /* Base */ = {isa = PBXFileReference; lastKnownFileType = file.storyboard; name = Base; path = Base.lproj/Main.storyboard; sourceTree = "<group>"; };
		83587001205DFE7800160371 /* Assets.xcassets */ = {isa = PBXFileReference; lastKnownFileType = folder.assetcatalog; path = Assets.xcassets; sourceTree = "<group>"; };
		83587004205DFE7800160371 /* Base */ = {isa = PBXFileReference; lastKnownFileType = file.storyboard; name = Base; path = Base.lproj/LaunchScreen.storyboard; sourceTree = "<group>"; };
		83587006205DFE7800160371 /* Info.plist */ = {isa = PBXFileReference; lastKnownFileType = text.plist.xml; path = Info.plist; sourceTree = "<group>"; };
		8358700D205E00E200160371 /* Utilities.swift */ = {isa = PBXFileReference; fileEncoding = 4; lastKnownFileType = sourcecode.swift; path = Utilities.swift; sourceTree = "<group>"; };
		8358700E205E00E200160371 /* EmojiArtView.swift */ = {isa = PBXFileReference; fileEncoding = 4; lastKnownFileType = sourcecode.swift; path = EmojiArtView.swift; sourceTree = "<group>"; };
		8358700F205E00E200160371 /* EmojiViewController.swift */ = {isa = PBXFileReference; fileEncoding = 4; lastKnownFileType = sourcecode.swift; path = EmojiViewController.swift; sourceTree = "<group>"; };
		83587010205E00E200160371 /* EmojiCollectionViewCell.swift */ = {isa = PBXFileReference; fileEncoding = 4; lastKnownFileType = sourcecode.swift; path = EmojiCollectionViewCell.swift; sourceTree = "<group>"; };
		83587011205E00E200160371 /* EmojiArt.swift */ = {isa = PBXFileReference; fileEncoding = 4; lastKnownFileType = sourcecode.swift; path = EmojiArt.swift; sourceTree = "<group>"; };
		83587012205E00E200160371 /* TextFieldCollectionViewCell.swift */ = {isa = PBXFileReference; fileEncoding = 4; lastKnownFileType = sourcecode.swift; path = TextFieldCollectionViewCell.swift; sourceTree = "<group>"; };
/* End PBXFileReference section */

/* Begin PBXFrameworksBuildPhase section */
		83586FF0205DFE7800160371 /* Frameworks */ = {
			isa = PBXFrameworksBuildPhase;
			buildActionMask = 2147483647;
			files = (
			);
			runOnlyForDeploymentPostprocessing = 0;
		};
/* End PBXFrameworksBuildPhase section */

/* Begin PBXGroup section */
		83586FEA205DFE7800160371 = {
			isa = PBXGroup;
			children = (
				83586FF5205DFE7800160371 /* EmojiArtNew */,
				83586FF4205DFE7800160371 /* Products */,
			);
			sourceTree = "<group>";
		};
		83586FF4205DFE7800160371 /* Products */ = {
			isa = PBXGroup;
			children = (
				83586FF3205DFE7800160371 /* EmojiArtNew.app */,
			);
			name = Products;
			sourceTree = "<group>";
		};
		83586FF5205DFE7800160371 /* EmojiArtNew */ = {
			isa = PBXGroup;
			children = (
				83586FF8205DFE7800160371 /* DocumentBrowserViewController.swift */,
				83586FFC205DFE7800160371 /* EmojiArtDocument.swift */,
				83586FFE205DFE7800160371 /* Main.storyboard */,
				83587011205E00E200160371 /* EmojiArt.swift */,
				8358700E205E00E200160371 /* EmojiArtView.swift */,
				83587010205E00E200160371 /* EmojiCollectionViewCell.swift */,
				8358700F205E00E200160371 /* EmojiViewController.swift */,
				83587012205E00E200160371 /* TextFieldCollectionViewCell.swift */,
				8358700D205E00E200160371 /* Utilities.swift */,
				8358700C205DFE9800160371 /* Supporting Files */,
				83587006205DFE7800160371 /* Info.plist */,
			);
			path = EmojiArtNew;
			sourceTree = "<group>";
		};
		8358700C205DFE9800160371 /* Supporting Files */ = {
			isa = PBXGroup;
			children = (
				83586FF6205DFE7800160371 /* AppDelegate.swift */,
				83587001205DFE7800160371 /* Assets.xcassets */,
				83587003205DFE7800160371 /* LaunchScreen.storyboard */,
			);
			path = "Supporting Files";
			sourceTree = "<group>";
		};
/* End PBXGroup section */

/* Begin PBXNativeTarget section */
		83586FF2205DFE7800160371 /* EmojiArtNew */ = {
			isa = PBXNativeTarget;
			buildConfigurationList = 83587009205DFE7800160371 /* Build configuration list for PBXNativeTarget "EmojiArtNew" */;
			buildPhases = (
				83586FEF205DFE7800160371 /* Sources */,
				83586FF0205DFE7800160371 /* Frameworks */,
				83586FF1205DFE7800160371 /* Resources */,
			);
			buildRules = (
			);
			dependencies = (
			);
			name = EmojiArtNew;
			productName = EmojiArtNew;
			productReference = 83586FF3205DFE7800160371 /* EmojiArtNew.app */;
			productType = "com.apple.product-type.application";
		};
/* End PBXNativeTarget section */

/* Begin PBXProject section */
		83586FEB205DFE7800160371 /* Project object */ = {
			isa = PBXProject;
			attributes = {
				LastSwiftUpdateCheck = 0920;
				LastUpgradeCheck = 0920;
				ORGANIZATIONNAME = ChenWeiru;
				TargetAttributes = {
					83586FF2205DFE7800160371 = {
						CreatedOnToolsVersion = 9.2;
						ProvisioningStyle = Automatic;
					};
				};
			};
			buildConfigurationList = 83586FEE205DFE7800160371 /* Build configuration list for PBXProject "EmojiArtNew" */;
			compatibilityVersion = "Xcode 8.0";
			developmentRegion = en;
			hasScannedForEncodings = 0;
			knownRegions = (
				en,
				Base,
			);
			mainGroup = 83586FEA205DFE7800160371;
			productRefGroup = 83586FF4205DFE7800160371 /* Products */;
			projectDirPath = "";
			projectRoot = "";
			targets = (
				83586FF2205DFE7800160371 /* EmojiArtNew */,
			);
		};
/* End PBXProject section */

/* Begin PBXResourcesBuildPhase section */
		83586FF1205DFE7800160371 /* Resources */ = {
			isa = PBXResourcesBuildPhase;
			buildActionMask = 2147483647;
			files = (
				83587005205DFE7800160371 /* LaunchScreen.storyboard in Resources */,
				83587002205DFE7800160371 /* Assets.xcassets in Resources */,
				83587000205DFE7800160371 /* Main.storyboard in Resources */,
			);
			runOnlyForDeploymentPostprocessing = 0;
		};
/* End PBXResourcesBuildPhase section */

/* Begin PBXSourcesBuildPhase section */
		83586FEF205DFE7800160371 /* Sources */ = {
			isa = PBXSourcesBuildPhase;
			buildActionMask = 2147483647;
			files = (
				83587018205E00E200160371 /* TextFieldCollectionViewCell.swift in Sources */,
				83587016205E00E200160371 /* EmojiCollectionViewCell.swift in Sources */,
				83586FFD205DFE7800160371 /* EmojiArtDocument.swift in Sources */,
				83587014205E00E200160371 /* EmojiArtView.swift in Sources */,
				83586FF9205DFE7800160371 /* DocumentBrowserViewController.swift in Sources */,
				83587017205E00E200160371 /* EmojiArt.swift in Sources */,
				83587015205E00E200160371 /* EmojiViewController.swift in Sources */,
				83587013205E00E200160371 /* Utilities.swift in Sources */,
				83586FF7205DFE7800160371 /* AppDelegate.swift in Sources */,
			);
			runOnlyForDeploymentPostprocessing = 0;
		};
/* End PBXSourcesBuildPhase section */

/* Begin PBXVariantGroup section */
		83586FFE205DFE7800160371 /* Main.storyboard */ = {
			isa = PBXVariantGroup;
			children = (
				83586FFF205DFE7800160371 /* Base */,
			);
			name = Main.storyboard;
			sourceTree = "<group>";
		};
		83587003205DFE7800160371 /* LaunchScreen.storyboard */ = {
			isa = PBXVariantGroup;
			children = (
				83587004205DFE7800160371 /* Base */,
			);
			name = LaunchScreen.storyboard;
			sourceTree = "<group>";
		};
/* End PBXVariantGroup section */

/* Begin XCBuildConfiguration section */
		83587007205DFE7800160371 /* Debug */ = {
			isa = XCBuildConfiguration;
			buildSettings = {
				ALWAYS_SEARCH_USER_PATHS = NO;
				CLANG_ANALYZER_NONNULL = YES;
				CLANG_ANALYZER_NUMBER_OBJECT_CONVERSION = YES_AGGRESSIVE;
				CLANG_CXX_LANGUAGE_STANDARD = "gnu++14";
				CLANG_CXX_LIBRARY = "libc++";
				CLANG_ENABLE_MODULES = YES;
				CLANG_ENABLE_OBJC_ARC = YES;
				CLANG_WARN_BLOCK_CAPTURE_AUTORELEASING = YES;
				CLANG_WARN_BOOL_CONVERSION = YES;
				CLANG_WARN_COMMA = YES;
				CLANG_WARN_CONSTANT_CONVERSION = YES;
				CLANG_WARN_DIRECT_OBJC_ISA_USAGE = YES_ERROR;
				CLANG_WARN_DOCUMENTATION_COMMENTS = YES;
				CLANG_WARN_EMPTY_BODY = YES;
				CLANG_WARN_ENUM_CONVERSION = YES;
				CLANG_WARN_INFINITE_RECURSION = YES;
				CLANG_WARN_INT_CONVERSION = YES;
				CLANG_WARN_NON_LITERAL_NULL_CONVERSION = YES;
				CLANG_WARN_OBJC_LITERAL_CONVERSION = YES;
				CLANG_WARN_OBJC_ROOT_CLASS = YES_ERROR;
				CLANG_WARN_RANGE_LOOP_ANALYSIS = YES;
				CLANG_WARN_STRICT_PROTOTYPES = YES;
				CLANG_WARN_SUSPICIOUS_MOVE = YES;
				CLANG_WARN_UNGUARDED_AVAILABILITY = YES_AGGRESSIVE;
				CLANG_WARN_UNREACHABLE_CODE = YES;
				CLANG_WARN__DUPLICATE_METHOD_MATCH = YES;
				CODE_SIGN_IDENTITY = "iPhone Developer";
				COPY_PHASE_STRIP = NO;
				DEBUG_INFORMATION_FORMAT = dwarf;
				ENABLE_STRICT_OBJC_MSGSEND = YES;
				ENABLE_TESTABILITY = YES;
				GCC_C_LANGUAGE_STANDARD = gnu11;
				GCC_DYNAMIC_NO_PIC = NO;
				GCC_NO_COMMON_BLOCKS = YES;
				GCC_OPTIMIZATION_LEVEL = 0;
				GCC_PREPROCESSOR_DEFINITIONS = (
					"DEBUG=1",
					"$(inherited)",
				);
				GCC_WARN_64_TO_32_BIT_CONVERSION = YES;
				GCC_WARN_ABOUT_RETURN_TYPE = YES_ERROR;
				GCC_WARN_UNDECLARED_SELECTOR = YES;
				GCC_WARN_UNINITIALIZED_AUTOS = YES_AGGRESSIVE;
				GCC_WARN_UNUSED_FUNCTION = YES;
				GCC_WARN_UNUSED_VARIABLE = YES;
				IPHONEOS_DEPLOYMENT_TARGET = 11.2;
				MTL_ENABLE_DEBUG_INFO = YES;
				ONLY_ACTIVE_ARCH = YES;
				SDKROOT = iphoneos;
				SWIFT_ACTIVE_COMPILATION_CONDITIONS = DEBUG;
				SWIFT_OPTIMIZATION_LEVEL = "-Onone";
			};
			name = Debug;
		};
		83587008205DFE7800160371 /* Release */ = {
			isa = XCBuildConfiguration;
			buildSettings = {
				ALWAYS_SEARCH_USER_PATHS = NO;
				CLANG_ANALYZER_NONNULL = YES;
				CLANG_ANALYZER_NUMBER_OBJECT_CONVERSION = YES_AGGRESSIVE;
				CLANG_CXX_LANGUAGE_STANDARD = "gnu++14";
				CLANG_CXX_LIBRARY = "libc++";
				CLANG_ENABLE_MODULES = YES;
				CLANG_ENABLE_OBJC_ARC = YES;
				CLANG_WARN_BLOCK_CAPTURE_AUTORELEASING = YES;
				CLANG_WARN_BOOL_CONVERSION = YES;
				CLANG_WARN_COMMA = YES;
				CLANG_WARN_CONSTANT_CONVERSION = YES;
				CLANG_WARN_DIRECT_OBJC_ISA_USAGE = YES_ERROR;
				CLANG_WARN_DOCUMENTATION_COMMENTS = YES;
				CLANG_WARN_EMPTY_BODY = YES;
				CLANG_WARN_ENUM_CONVERSION = YES;
				CLANG_WARN_INFINITE_RECURSION = YES;
				CLANG_WARN_INT_CONVERSION = YES;
				CLANG_WARN_NON_LITERAL_NULL_CONVERSION = YES;
				CLANG_WARN_OBJC_LITERAL_CONVERSION = YES;
				CLANG_WARN_OBJC_ROOT_CLASS = YES_ERROR;
				CLANG_WARN_RANGE_LOOP_ANALYSIS = YES;
				CLANG_WARN_STRICT_PROTOTYPES = YES;
				CLANG_WARN_SUSPICIOUS_MOVE = YES;
				CLANG_WARN_UNGUARDED_AVAILABILITY = YES_AGGRESSIVE;
				CLANG_WARN_UNREACHABLE_CODE = YES;
				CLANG_WARN__DUPLICATE_METHOD_MATCH = YES;
				CODE_SIGN_IDENTITY = "iPhone Developer";
				COPY_PHASE_STRIP = NO;
				DEBUG_INFORMATION_FORMAT = "dwarf-with-dsym";
				ENABLE_NS_ASSERTIONS = NO;
				ENABLE_STRICT_OBJC_MSGSEND = YES;
				GCC_C_LANGUAGE_STANDARD = gnu11;
				GCC_NO_COMMON_BLOCKS = YES;
				GCC_WARN_64_TO_32_BIT_CONVERSION = YES;
				GCC_WARN_ABOUT_RETURN_TYPE = YES_ERROR;
				GCC_WARN_UNDECLARED_SELECTOR = YES;
				GCC_WARN_UNINITIALIZED_AUTOS = YES_AGGRESSIVE;
				GCC_WARN_UNUSED_FUNCTION = YES;
				GCC_WARN_UNUSED_VARIABLE = YES;
				IPHONEOS_DEPLOYMENT_TARGET = 11.2;
				MTL_ENABLE_DEBUG_INFO = NO;
				SDKROOT = iphoneos;
				SWIFT_OPTIMIZATION_LEVEL = "-Owholemodule";
				VALIDATE_PRODUCT = YES;
			};
			name = Release;
		};
		8358700A205DFE7800160371 /* Debug */ = {
			isa = XCBuildConfiguration;
			buildSettings = {
				ASSETCATALOG_COMPILER_APPICON_NAME = AppIcon;
				CODE_SIGN_STYLE = Automatic;
				DEVELOPMENT_TEAM = 5674V329CV;
				INFOPLIST_FILE = EmojiArtNew/Info.plist;
				LD_RUNPATH_SEARCH_PATHS = "$(inherited) @executable_path/Frameworks";
				PRODUCT_BUNDLE_IDENTIFIER = com.Andyagul.EmojiArtNew;
				PRODUCT_NAME = "$(TARGET_NAME)";
				SWIFT_VERSION = 4.0;
				TARGETED_DEVICE_FAMILY = "1,2";
			};
			name = Debug;
		};
		8358700B205DFE7800160371 /* Release */ = {
			isa = XCBuildConfiguration;
			buildSettings = {
				ASSETCATALOG_COMPILER_APPICON_NAME = AppIcon;
				CODE_SIGN_STYLE = Automatic;
				DEVELOPMENT_TEAM = 5674V329CV;
				INFOPLIST_FILE = EmojiArtNew/Info.plist;
				LD_RUNPATH_SEARCH_PATHS = "$(inherited) @executable_path/Frameworks";
				PRODUCT_BUNDLE_IDENTIFIER = com.Andyagul.EmojiArtNew;
				PRODUCT_NAME = "$(TARGET_NAME)";
				SWIFT_VERSION = 4.0;
				TARGETED_DEVICE_FAMILY = "1,2";
			};
			name = Release;
		};
/* End XCBuildConfiguration section */

/* Begin XCConfigurationList section */
		83586FEE205DFE7800160371 /* Build configuration list for PBXProject "EmojiArtNew" */ = {
			isa = XCConfigurationList;
			buildConfigurations = (
				83587007205DFE7800160371 /* Debug */,
				83587008205DFE7800160371 /* Release */,
			);
			defaultConfigurationIsVisible = 0;
			defaultConfigurationName = Release;
		};
		83587009205DFE7800160371 /* Build configuration list for PBXNativeTarget "EmojiArtNew" */ = {
			isa = XCConfigurationList;
			buildConfigurations = (
				8358700A205DFE7800160371 /* Debug */,
				8358700B205DFE7800160371 /* Release */,
			);
			defaultConfigurationIsVisible = 0;
			defaultConfigurationName = Release;
		};
/* End XCConfigurationList section */
	};
	rootObject = 83586FEB205DFE7800160371 /* Project object */;
}
